
Microsoft Visual Studio Solution File, Format Version 12.00
# Visual Studio Version 16
VisualStudioVersion = 16.0.30320.27
MinimumVisualStudioVersion = 10.0.40219.1
Project("{2150E333-8FDC-42A3-9474-1A3956D46DE8}") = "Cross", "Cross", "{14EC2551-96C3-438D-917F-A9472A2B7D4F}"
EndProject
Project("{2150E333-8FDC-42A3-9474-1A3956D46DE8}") = "Projects", "Projects", "{02AF69EB-A4C9-4A62-A5DC-7DFEEE1C81A6}"
EndProject
Project("{2150E333-8FDC-42A3-9474-1A3956D46DE8}") = "Gateway", "Gateway", "{D5BEE2EE-834A-4A08-9220-F249C6507D44}"
EndProject
Project("{2150E333-8FDC-42A3-9474-1A3956D46DE8}") = "Microservices", "Microservices", "{3B1129C6-07FA-4F03-A5C2-FDC90C223136}"
EndProject
Project("{2150E333-8FDC-42A3-9474-1A3956D46DE8}") = "Account", "Account", "{5D7F9258-B387-4488-8603-B29FCF5E5227}"
EndProject
Project("{2150E333-8FDC-42A3-9474-1A3956D46DE8}") = "Deposit", "Deposit", "{B81CAD76-5C0F-4C13-99F7-C958AC1DB36C}"
EndProject
Project("{2150E333-8FDC-42A3-9474-1A3956D46DE8}") = "Withdrawal", "Withdrawal", "{30344A27-7652-4F3E-AF62-16D8486A8245}"
EndProject
Project("{2150E333-8FDC-42A3-9474-1A3956D46DE8}") = "Security", "Security", "{0398571F-834F-4AB3-941B-B50C7194B53D}"
EndProject
Project("{2150E333-8FDC-42A3-9474-1A3956D46DE8}") = "History", "History", "{DB8E785C-38DD-443B-A38F-E33FCC5FF57D}"
EndProject
Project("{2150E333-8FDC-42A3-9474-1A3956D46DE8}") = "Notification", "Notification", "{FAB48F23-65D2-4245-A719-395C59ADEE89}"
EndProject
Project("{9A19103F-16F7-4668-BE54-9A1E7A4F7556}") = "MSAFORO255.Security", "MSAFORO255.Security\MSAFORO255.Security.csproj", "{A10DF43C-B57F-4B49-9C9D-F502B23ED933}"
EndProject
Project("{9A19103F-16F7-4668-BE54-9A1E7A4F7556}") = "MS.AFORO255.Cross.Jwt", "MS.AFORO255.Cross.Jwt\MS.AFORO255.Cross.Jwt.csproj", "{FEA48B3B-1519-47E6-93C6-AAE18C7AFC70}"
EndProject
Project("{9A19103F-16F7-4668-BE54-9A1E7A4F7556}") = "MSAFORO255.Account", "MSAFORO255.Account\MSAFORO255.Account.csproj", "{32F278D9-950A-4345-912E-506D25E25A60}"
EndProject
Project("{9A19103F-16F7-4668-BE54-9A1E7A4F7556}") = "MSAFORO255.Deposit", "MSAFORO255.Deposit\MSAFORO255.Deposit.csproj", "{74FB5348-83AA-4102-9435-474073DA8FA4}"
EndProject
Project("{9A19103F-16F7-4668-BE54-9A1E7A4F7556}") = "MSAFORO255.Withtdrawal", "MSAFORO255.Withtdrawal\MSAFORO255.Withtdrawal.csproj", "{821E3424-3505-41A2-BCA8-DFDE0BF65F95}"
EndProject
Project("{9A19103F-16F7-4668-BE54-9A1E7A4F7556}") = "MSAFORO255.History", "MSAFORO255.History\MSAFORO255.History.csproj", "{A3EBE922-0A31-4835-99BD-55E5505A64DD}"
EndProject
Project("{9A19103F-16F7-4668-BE54-9A1E7A4F7556}") = "MS.AFORO255.Cross.RabbitMQ", "MS.AFORO255.Cross.RabbitMQ\MS.AFORO255.Cross.RabbitMQ.csproj", "{960A296C-421E-4B8A-9F21-D7959AB91C67}"
EndProject
Project("{9A19103F-16F7-4668-BE54-9A1E7A4F7556}") = "MS.AFORO255.Cross.Proxy", "MS.AFORO255.Cross.Proxy\MS.AFORO255.Cross.Proxy.csproj", "{304AEE62-E91B-4008-AD55-F560AEFA24DE}"
EndProject
Global
	GlobalSection(SolutionConfigurationPlatforms) = preSolution
		Debug|Any CPU = Debug|Any CPU
		Release|Any CPU = Release|Any CPU
	EndGlobalSection
	GlobalSection(ProjectConfigurationPlatforms) = postSolution
		{A10DF43C-B57F-4B49-9C9D-F502B23ED933}.Debug|Any CPU.ActiveCfg = Debug|Any CPU
		{A10DF43C-B57F-4B49-9C9D-F502B23ED933}.Debug|Any CPU.Build.0 = Debug|Any CPU
		{A10DF43C-B57F-4B49-9C9D-F502B23ED933}.Release|Any CPU.ActiveCfg = Release|Any CPU
		{A10DF43C-B57F-4B49-9C9D-F502B23ED933}.Release|Any CPU.Build.0 = Release|Any CPU
		{FEA48B3B-1519-47E6-93C6-AAE18C7AFC70}.Debug|Any CPU.ActiveCfg = Debug|Any CPU
		{FEA48B3B-1519-47E6-93C6-AAE18C7AFC70}.Debug|Any CPU.Build.0 = Debug|Any CPU
		{FEA48B3B-1519-47E6-93C6-AAE18C7AFC70}.Release|Any CPU.ActiveCfg = Release|Any CPU
		{FEA48B3B-1519-47E6-93C6-AAE18C7AFC70}.Release|Any CPU.Build.0 = Release|Any CPU
		{32F278D9-950A-4345-912E-506D25E25A60}.Debug|Any CPU.ActiveCfg = Debug|Any CPU
		{32F278D9-950A-4345-912E-506D25E25A60}.Debug|Any CPU.Build.0 = Debug|Any CPU
		{32F278D9-950A-4345-912E-506D25E25A60}.Release|Any CPU.ActiveCfg = Release|Any CPU
		{32F278D9-950A-4345-912E-506D25E25A60}.Release|Any CPU.Build.0 = Release|Any CPU
		{74FB5348-83AA-4102-9435-474073DA8FA4}.Debug|Any CPU.ActiveCfg = Debug|Any CPU
		{74FB5348-83AA-4102-9435-474073DA8FA4}.Debug|Any CPU.Build.0 = Debug|Any CPU
		{74FB5348-83AA-4102-9435-474073DA8FA4}.Release|Any CPU.ActiveCfg = Release|Any CPU
		{74FB5348-83AA-4102-9435-474073DA8FA4}.Release|Any CPU.Build.0 = Release|Any CPU
		{821E3424-3505-41A2-BCA8-DFDE0BF65F95}.Debug|Any CPU.ActiveCfg = Debug|Any CPU
		{821E3424-3505-41A2-BCA8-DFDE0BF65F95}.Debug|Any CPU.Build.0 = Debug|Any CPU
		{821E3424-3505-41A2-BCA8-DFDE0BF65F95}.Release|Any CPU.ActiveCfg = Release|Any CPU
		{821E3424-3505-41A2-BCA8-DFDE0BF65F95}.Release|Any CPU.Build.0 = Release|Any CPU
		{A3EBE922-0A31-4835-99BD-55E5505A64DD}.Debug|Any CPU.ActiveCfg = Debug|Any CPU
		{A3EBE922-0A31-4835-99BD-55E5505A64DD}.Debug|Any CPU.Build.0 = Debug|Any CPU
		{A3EBE922-0A31-4835-99BD-55E5505A64DD}.Release|Any CPU.ActiveCfg = Release|Any CPU
		{A3EBE922-0A31-4835-99BD-55E5505A64DD}.Release|Any CPU.Build.0 = Release|Any CPU
		{960A296C-421E-4B8A-9F21-D7959AB91C67}.Debug|Any CPU.ActiveCfg = Debug|Any CPU
		{960A296C-421E-4B8A-9F21-D7959AB91C67}.Debug|Any CPU.Build.0 = Debug|Any CPU
		{960A296C-421E-4B8A-9F21-D7959AB91C67}.Release|Any CPU.ActiveCfg = Release|Any CPU
		{960A296C-421E-4B8A-9F21-D7959AB91C67}.Release|Any CPU.Build.0 = Release|Any CPU
		{304AEE62-E91B-4008-AD55-F560AEFA24DE}.Debug|Any CPU.ActiveCfg = Debug|Any CPU
		{304AEE62-E91B-4008-AD55-F560AEFA24DE}.Debug|Any CPU.Build.0 = Debug|Any CPU
		{304AEE62-E91B-4008-AD55-F560AEFA24DE}.Release|Any CPU.ActiveCfg = Release|Any CPU
		{304AEE62-E91B-4008-AD55-F560AEFA24DE}.Release|Any CPU.Build.0 = Release|Any CPU
	EndGlobalSection
	GlobalSection(SolutionProperties) = preSolution
		HideSolutionNode = FALSE
	EndGlobalSection
	GlobalSection(NestedProjects) = preSolution
		{D5BEE2EE-834A-4A08-9220-F249C6507D44} = {02AF69EB-A4C9-4A62-A5DC-7DFEEE1C81A6}
		{3B1129C6-07FA-4F03-A5C2-FDC90C223136} = {D5BEE2EE-834A-4A08-9220-F249C6507D44}
		{5D7F9258-B387-4488-8603-B29FCF5E5227} = {3B1129C6-07FA-4F03-A5C2-FDC90C223136}
		{B81CAD76-5C0F-4C13-99F7-C958AC1DB36C} = {3B1129C6-07FA-4F03-A5C2-FDC90C223136}
		{30344A27-7652-4F3E-AF62-16D8486A8245} = {3B1129C6-07FA-4F03-A5C2-FDC90C223136}
		{0398571F-834F-4AB3-941B-B50C7194B53D} = {3B1129C6-07FA-4F03-A5C2-FDC90C223136}
		{DB8E785C-38DD-443B-A38F-E33FCC5FF57D} = {3B1129C6-07FA-4F03-A5C2-FDC90C223136}
		{FAB48F23-65D2-4245-A719-395C59ADEE89} = {3B1129C6-07FA-4F03-A5C2-FDC90C223136}
		{A10DF43C-B57F-4B49-9C9D-F502B23ED933} = {0398571F-834F-4AB3-941B-B50C7194B53D}
		{FEA48B3B-1519-47E6-93C6-AAE18C7AFC70} = {14EC2551-96C3-438D-917F-A9472A2B7D4F}
		{32F278D9-950A-4345-912E-506D25E25A60} = {5D7F9258-B387-4488-8603-B29FCF5E5227}
		{74FB5348-83AA-4102-9435-474073DA8FA4} = {B81CAD76-5C0F-4C13-99F7-C958AC1DB36C}
		{821E3424-3505-41A2-BCA8-DFDE0BF65F95} = {30344A27-7652-4F3E-AF62-16D8486A8245}
		{A3EBE922-0A31-4835-99BD-55E5505A64DD} = {DB8E785C-38DD-443B-A38F-E33FCC5FF57D}
		{960A296C-421E-4B8A-9F21-D7959AB91C67} = {14EC2551-96C3-438D-917F-A9472A2B7D4F}
		{304AEE62-E91B-4008-AD55-F560AEFA24DE} = {14EC2551-96C3-438D-917F-A9472A2B7D4F}
	EndGlobalSection
	GlobalSection(ExtensibilityGlobals) = postSolution
		SolutionGuid = {F69C4592-BFB7-4DEE-AC61-5D35EA843B2B}
	EndGlobalSection
EndGlobal
